
Microsoft Visual Studio Solution File, Format Version 12.00
# Visual Studio Version 17
VisualStudioVersion = 17.6.33829.357
MinimumVisualStudioVersion = 10.0.40219.1
Project("{9A19103F-16F7-4668-BE54-9A1E7A4F7556}") = "RDMS", "src\RDMS\RDMS.csproj", "{92780559-CEC9-4900-AECD-E49DB0724E56}"
EndProject
Project("{FAE04EC0-301F-11D3-BF4B-00C04F79EFBC}") = "RDMS.Services", "src\RDMS.Services\RDMS.Services.csproj", "{74AAAC1A-E990-448A-985A-DE8C883311AB}"
EndProject
Global
	GlobalSection(SolutionConfigurationPlatforms) = preSolution
		Debug|Any CPU = Debug|Any CPU
		Debug|x64 = Debug|x64
		Debug|x86 = Debug|x86
		Release|Any CPU = Release|Any CPU
		Release|x64 = Release|x64
		Release|x86 = Release|x86
	EndGlobalSection
	GlobalSection(ProjectConfigurationPlatforms) = postSolution
		{92780559-CEC9-4900-AECD-E49DB0724E56}.Debug|Any CPU.ActiveCfg = Debug|Any CPU
		{92780559-CEC9-4900-AECD-E49DB0724E56}.Debug|Any CPU.Build.0 = Debug|Any CPU
		{92780559-CEC9-4900-AECD-E49DB0724E56}.Debug|x64.ActiveCfg = Debug|x64
		{92780559-CEC9-4900-AECD-E49DB0724E56}.Debug|x64.Build.0 = Debug|x64
		{92780559-CEC9-4900-AECD-E49DB0724E56}.Debug|x86.ActiveCfg = Debug|x86
		{92780559-CEC9-4900-AECD-E49DB0724E56}.Debug|x86.Build.0 = Debug|x86
		{92780559-CEC9-4900-AECD-E49DB0724E56}.Release|Any CPU.ActiveCfg = Release|Any CPU
		{92780559-CEC9-4900-AECD-E49DB0724E56}.Release|Any CPU.Build.0 = Release|Any CPU
		{92780559-CEC9-4900-AECD-E49DB0724E56}.Release|x64.ActiveCfg = Release|x64
		{92780559-CEC9-4900-AECD-E49DB0724E56}.Release|x64.Build.0 = Release|x64
		{92780559-CEC9-4900-AECD-E49DB0724E56}.Release|x86.ActiveCfg = Release|x86
		{92780559-CEC9-4900-AECD-E49DB0724E56}.Release|x86.Build.0 = Release|x86
		{74AAAC1A-E990-448A-985A-DE8C883311AB}.Debug|Any CPU.ActiveCfg = Debug|Any CPU
		{74AAAC1A-E990-448A-985A-DE8C883311AB}.Debug|Any CPU.Build.0 = Debug|Any CPU
		{74AAAC1A-E990-448A-985A-DE8C883311AB}.Debug|x64.ActiveCfg = Debug|x64
		{74AAAC1A-E990-448A-985A-DE8C883311AB}.Debug|x64.Build.0 = Debug|x64
		{74AAAC1A-E990-448A-985A-DE8C883311AB}.Debug|x86.ActiveCfg = Debug|x86
		{74AAAC1A-E990-448A-985A-DE8C883311AB}.Debug|x86.Build.0 = Debug|x86
		{74AAAC1A-E990-448A-985A-DE8C883311AB}.Release|Any CPU.ActiveCfg = Release|Any CPU
		{74AAAC1A-E990-448A-985A-DE8C883311AB}.Release|Any CPU.Build.0 = Release|Any CPU
		{74AAAC1A-E990-448A-985A-DE8C883311AB}.Release|x64.ActiveCfg = Release|x64
		{74AAAC1A-E990-448A-985A-DE8C883311AB}.Release|x64.Build.0 = Release|x64
		{74AAAC1A-E990-448A-985A-DE8C883311AB}.Release|x86.ActiveCfg = Release|x86
		{74AAAC1A-E990-448A-985A-DE8C883311AB}.Release|x86.Build.0 = Release|x86
	EndGlobalSection
	GlobalSection(SolutionProperties) = preSolution
		HideSolutionNode = FALSE
	EndGlobalSection
	GlobalSection(ExtensibilityGlobals) = postSolution
		SolutionGuid = {F2D0A901-20C7-48A6-B62C-1BA86F954483}
	EndGlobalSection
EndGlobal
